
Microsoft Visual Studio Solution File, Format Version 12.00
# Visual Studio Version 17
VisualStudioVersion = 17.10.35004.147
MinimumVisualStudioVersion = 10.0.40219.1
Project("{FAE04EC0-301F-11D3-BF4B-00C04F79EFBC}") = "Module_4_14", "Module_4_14\Module_4_14.csproj", "{498F24DC-D314-488C-9A12-47F6058B799C}"
EndProject
Global
	GlobalSection(SolutionConfigurationPlatforms) = preSolution
		Debug|Any CPU = Debug|Any CPU
		Release|Any CPU = Release|Any CPU
	EndGlobalSection
	GlobalSection(ProjectConfigurationPlatforms) = postSolution
		{498F24DC-D314-488C-9A12-47F6058B799C}.Debug|Any CPU.ActiveCfg = Debug|Any CPU
		{498F24DC-D314-488C-9A12-47F6058B799C}.Debug|Any CPU.Build.0 = Debug|Any CPU
		{498F24DC-D314-488C-9A12-47F6058B799C}.Release|Any CPU.ActiveCfg = Release|Any CPU
		{498F24DC-D314-488C-9A12-47F6058B799C}.Release|Any CPU.Build.0 = Release|Any CPU
	EndGlobalSection
	GlobalSection(SolutionProperties) = preSolution
		HideSolutionNode = FALSE
	EndGlobalSection
	GlobalSection(ExtensibilityGlobals) = postSolution
		SolutionGuid = {DE87CE2A-E264-49C3-962F-36246B5C38AA}
	EndGlobalSection
EndGlobal
